
Microsoft Visual Studio Solution File, Format Version 12.00
# Visual Studio Version 16
VisualStudioVersion = 16.0.30503.244
MinimumVisualStudioVersion = 10.0.40219.1
Project("{9A19103F-16F7-4668-BE54-9A1E7A4F7556}") = "DierBot3", "DierBot3\DierBot3.csproj", "{896410D8-62CB-4716-8748-CE7276643314}"
EndProject
Global
	GlobalSection(SolutionConfigurationPlatforms) = preSolution
		Debug|Any CPU = Debug|Any CPU
		Release|Any CPU = Release|Any CPU
	EndGlobalSection
	GlobalSection(ProjectConfigurationPlatforms) = postSolution
		{896410D8-62CB-4716-8748-CE7276643314}.Debug|Any CPU.ActiveCfg = Debug|Any CPU
		{896410D8-62CB-4716-8748-CE7276643314}.Debug|Any CPU.Build.0 = Debug|Any CPU
		{896410D8-62CB-4716-8748-CE7276643314}.Release|Any CPU.ActiveCfg = Release|Any CPU
		{896410D8-62CB-4716-8748-CE7276643314}.Release|Any CPU.Build.0 = Release|Any CPU
	EndGlobalSection
	GlobalSection(SolutionProperties) = preSolution
		HideSolutionNode = FALSE
	EndGlobalSection
	GlobalSection(ExtensibilityGlobals) = postSolution
		SolutionGuid = {1F9530E3-E1C5-4B45-917A-8F71D2D08A6E}
	EndGlobalSection
EndGlobal
